<Solution>
  <Project Path="Punto1/Punto1.csproj" Id="e12ecf3e-d030-4d51-ab45-94521d7a34ab" />
  <Project Path="Punto2/Punto2.csproj" Id="d2380622-02f8-420f-b47c-d6c0baedc111" />
  <Project Path="Punto3/Punto3.csproj" Id="d767d9cd-76ba-4415-ae02-9519ee50ec30" />
  <Project Path="Punto4/Punto4.csproj" Id="a0396356-f601-4809-ae2b-e696f322a0a6" />
</Solution>
