<Solution>
  <Project Path="Punto1/Punto1.csproj" Id="80939a10-83eb-4166-b21d-589020118f76" />
  <Project Path="Punto2/Punto2.csproj" Id="5faa75c6-2728-441e-9915-8314f286b043" />
  <Project Path="Punto3/Punto3.csproj" Id="4e6caace-a134-4a3f-a98b-ce7e1af18285" />
  <Project Path="Punto4/Punto4.csproj" Id="6d65b902-7e26-4736-9abd-2026a725e0fc" />
</Solution>
