<Solution>
  <Project Path="Punto1/Punto1.csproj" Id="9ba78f7c-acbe-49ce-983b-469e9d4fe599" />
  <Project Path="Punto2/Punto2.csproj" Id="3b8a00f1-1d0c-4ff3-973b-3d273dba2c60" />
  <Project Path="Punto3/Punto3.csproj" Id="0d474341-f87d-4e78-be9c-47256b2da547" />
  <Project Path="Punto4/Punto4.csproj" Id="f7bf803c-6606-4992-9111-f2b82b21bbe9" />
</Solution>
